
Microsoft Visual Studio Solution File, Format Version 12.00
# Visual Studio Version 17
VisualStudioVersion = 17.0.31903.59
MinimumVisualStudioVersion = 10.0.40219.1
Project("{FAE04EC0-301F-11D3-BF4B-00C04F79EFBC}") = "Tute.Server", "Tute.Server\Tute.Server.csproj", "{59C32C76-7032-48AE-B72D-A25B19A57F5F}"
EndProject
Project("{FAE04EC0-301F-11D3-BF4B-00C04F79EFBC}") = "Tute.Shared", "Tute.Shared\Tute.Shared.csproj", "{0BF3D5DC-EDBA-49A2-91BB-5797926A50B1}"
EndProject
Global
	GlobalSection(SolutionConfigurationPlatforms) = preSolution
		Debug|Any CPU = Debug|Any CPU
		Release|Any CPU = Release|Any CPU
	EndGlobalSection
	GlobalSection(SolutionProperties) = preSolution
		HideSolutionNode = FALSE
	EndGlobalSection
	GlobalSection(ProjectConfigurationPlatforms) = postSolution
		{59C32C76-7032-48AE-B72D-A25B19A57F5F}.Debug|Any CPU.ActiveCfg = Debug|Any CPU
		{59C32C76-7032-48AE-B72D-A25B19A57F5F}.Debug|Any CPU.Build.0 = Debug|Any CPU
		{59C32C76-7032-48AE-B72D-A25B19A57F5F}.Release|Any CPU.ActiveCfg = Release|Any CPU
		{59C32C76-7032-48AE-B72D-A25B19A57F5F}.Release|Any CPU.Build.0 = Release|Any CPU
		{0BF3D5DC-EDBA-49A2-91BB-5797926A50B1}.Debug|Any CPU.ActiveCfg = Debug|Any CPU
		{0BF3D5DC-EDBA-49A2-91BB-5797926A50B1}.Debug|Any CPU.Build.0 = Debug|Any CPU
		{0BF3D5DC-EDBA-49A2-91BB-5797926A50B1}.Release|Any CPU.ActiveCfg = Release|Any CPU
		{0BF3D5DC-EDBA-49A2-91BB-5797926A50B1}.Release|Any CPU.Build.0 = Release|Any CPU
	EndGlobalSection
EndGlobal
